<?xml version="1.0" encoding="utf-8"?>
<Project ToolsVersion="17.0" xmlns="http://schemas.microsoft.com/developer/msbuild/2003">
  <ItemGroup>
    <CustomBuild Include="D:\Project GA new\build_copy3\CMakeFiles\2f5b92c3b77ff44f30261b3d8061409d\generate.stamp.rule">
      <Filter>CMake Rules</Filter>
    </CustomBuild>
  </ItemGroup>
  <ItemGroup>
    <Filter Include="CMake Rules">
      <UniqueIdentifier>{74AC2A83-BEF5-3C50-9FEF-B736434A997A}</UniqueIdentifier>
    </Filter>
  </ItemGroup>
</Project>
